// !$*UTF8*$!
{
	archiveVersion = 1;
	classes = {
	};
	objectVersion = 56;
	objects = {

/* Begin PBXBuildFile section */
		ACFE1B492B7E3330006CD597 /* AppDelegate.swift in Sources */ = {isa = PBXBuildFile; fileRef = ACFE1B482B7E3330006CD597 /* AppDelegate.swift */; };
		ACFE1B4B2B7E3330006CD597 /* SceneDelegate.swift in Sources */ = {isa = PBXBuildFile; fileRef = ACFE1B4A2B7E3330006CD597 /* SceneDelegate.swift */; };
		ACFE1B4D2B7E3330006CD597 /* ViewController.swift in Sources */ = {isa = PBXBuildFile; fileRef = ACFE1B4C2B7E3330006CD597 /* ViewController.swift */; };
		ACFE1B502B7E3330006CD597 /* Main.storyboard in Resources */ = {isa = PBXBuildFile; fileRef = ACFE1B4E2B7E3330006CD597 /* Main.storyboard */; };
		ACFE1B522B7E3332006CD597 /* Assets.xcassets in Resources */ = {isa = PBXBuildFile; fileRef = ACFE1B512B7E3332006CD597 /* Assets.xcassets */; };
		ACFE1B552B7E3332006CD597 /* LaunchScreen.storyboard in Resources */ = {isa = PBXBuildFile; fileRef = ACFE1B532B7E3332006CD597 /* LaunchScreen.storyboard */; };
		ACFE1B602B7E3333006CD597 /* UIKitMVPToDoAppTests.swift in Sources */ = {isa = PBXBuildFile; fileRef = ACFE1B5F2B7E3333006CD597 /* UIKitMVPToDoAppTests.swift */; };
		ACFE1B6A2B7E3333006CD597 /* UIKitMVPToDoAppUITests.swift in Sources */ = {isa = PBXBuildFile; fileRef = ACFE1B692B7E3333006CD597 /* UIKitMVPToDoAppUITests.swift */; };
		ACFE1B6C2B7E3333006CD597 /* UIKitMVPToDoAppUITestsLaunchTests.swift in Sources */ = {isa = PBXBuildFile; fileRef = ACFE1B6B2B7E3333006CD597 /* UIKitMVPToDoAppUITestsLaunchTests.swift */; };
/* End PBXBuildFile section */

/* Begin PBXContainerItemProxy section */
		ACFE1B5C2B7E3333006CD597 /* PBXContainerItemProxy */ = {
			isa = PBXContainerItemProxy;
			containerPortal = ACFE1B3D2B7E3330006CD597 /* Project object */;
			proxyType = 1;
			remoteGlobalIDString = ACFE1B442B7E3330006CD597;
			remoteInfo = UIKitMVPToDoApp;
		};
		ACFE1B662B7E3333006CD597 /* PBXContainerItemProxy */ = {
			isa = PBXContainerItemProxy;
			containerPortal = ACFE1B3D2B7E3330006CD597 /* Project object */;
			proxyType = 1;
			remoteGlobalIDString = ACFE1B442B7E3330006CD597;
			remoteInfo = UIKitMVPToDoApp;
		};
/* End PBXContainerItemProxy section */

/* Begin PBXFileReference section */
		ACFE1B452B7E3330006CD597 /* UIKitMVPToDoApp.app */ = {isa = PBXFileReference; explicitFileType = wrapper.application; includeInIndex = 0; path = UIKitMVPToDoApp.app; sourceTree = BUILT_PRODUCTS_DIR; };
		ACFE1B482B7E3330006CD597 /* AppDelegate.swift */ = {isa = PBXFileReference; lastKnownFileType = sourcecode.swift; path = AppDelegate.swift; sourceTree = "<group>"; };
		ACFE1B4A2B7E3330006CD597 /* SceneDelegate.swift */ = {isa = PBXFileReference; lastKnownFileType = sourcecode.swift; path = SceneDelegate.swift; sourceTree = "<group>"; };
		ACFE1B4C2B7E3330006CD597 /* ViewController.swift */ = {isa = PBXFileReference; lastKnownFileType = sourcecode.swift; path = ViewController.swift; sourceTree = "<group>"; };
		ACFE1B4F2B7E3330006CD597 /* Base */ = {isa = PBXFileReference; lastKnownFileType = file.storyboard; name = Base; path = Base.lproj/Main.storyboard; sourceTree = "<group>"; };
		ACFE1B512B7E3332006CD597 /* Assets.xcassets */ = {isa = PBXFileReference; lastKnownFileType = folder.assetcatalog; path = Assets.xcassets; sourceTree = "<group>"; };
		ACFE1B542B7E3332006CD597 /* Base */ = {isa = PBXFileReference; lastKnownFileType = file.storyboard; name = Base; path = Base.lproj/LaunchScreen.storyboard; sourceTree = "<group>"; };
		ACFE1B562B7E3332006CD597 /* Info.plist */ = {isa = PBXFileReference; lastKnownFileType = text.plist.xml; path = Info.plist; sourceTree = "<group>"; };
		ACFE1B5B2B7E3333006CD597 /* UIKitMVPToDoAppTests.xctest */ = {isa = PBXFileReference; explicitFileType = wrapper.cfbundle; includeInIndex = 0; path = UIKitMVPToDoAppTests.xctest; sourceTree = BUILT_PRODUCTS_DIR; };
		ACFE1B5F2B7E3333006CD597 /* UIKitMVPToDoAppTests.swift */ = {isa = PBXFileReference; lastKnownFileType = sourcecode.swift; path = UIKitMVPToDoAppTests.swift; sourceTree = "<group>"; };
		ACFE1B652B7E3333006CD597 /* UIKitMVPToDoAppUITests.xctest */ = {isa = PBXFileReference; explicitFileType = wrapper.cfbundle; includeInIndex = 0; path = UIKitMVPToDoAppUITests.xctest; sourceTree = BUILT_PRODUCTS_DIR; };
		ACFE1B692B7E3333006CD597 /* UIKitMVPToDoAppUITests.swift */ = {isa = PBXFileReference; lastKnownFileType = sourcecode.swift; path = UIKitMVPToDoAppUITests.swift; sourceTree = "<group>"; };
		ACFE1B6B2B7E3333006CD597 /* UIKitMVPToDoAppUITestsLaunchTests.swift */ = {isa = PBXFileReference; lastKnownFileType = sourcecode.swift; path = UIKitMVPToDoAppUITestsLaunchTests.swift; sourceTree = "<group>"; };
/* End PBXFileReference section */

/* Begin PBXFrameworksBuildPhase section */
		ACFE1B422B7E3330006CD597 /* Frameworks */ = {
			isa = PBXFrameworksBuildPhase;
			buildActionMask = 2147483647;
			files = (
			);
			runOnlyForDeploymentPostprocessing = 0;
		};
		ACFE1B582B7E3333006CD597 /* Frameworks */ = {
			isa = PBXFrameworksBuildPhase;
			buildActionMask = 2147483647;
			files = (
			);
			runOnlyForDeploymentPostprocessing = 0;
		};
		ACFE1B622B7E3333006CD597 /* Frameworks */ = {
			isa = PBXFrameworksBuildPhase;
			buildActionMask = 2147483647;
			files = (
			);
			runOnlyForDeploymentPostprocessing = 0;
		};
/* End PBXFrameworksBuildPhase section */

/* Begin PBXGroup section */
		ACFE1B3C2B7E3330006CD597 = {
			isa = PBXGroup;
			children = (
				ACFE1B472B7E3330006CD597 /* UIKitMVPToDoApp */,
				ACFE1B5E2B7E3333006CD597 /* UIKitMVPToDoAppTests */,
				ACFE1B682B7E3333006CD597 /* UIKitMVPToDoAppUITests */,
				ACFE1B462B7E3330006CD597 /* Products */,
			);
			sourceTree = "<group>";
		};
		ACFE1B462B7E3330006CD597 /* Products */ = {
			isa = PBXGroup;
			children = (
				ACFE1B452B7E3330006CD597 /* UIKitMVPToDoApp.app */,
				ACFE1B5B2B7E3333006CD597 /* UIKitMVPToDoAppTests.xctest */,
				ACFE1B652B7E3333006CD597 /* UIKitMVPToDoAppUITests.xctest */,
			);
			name = Products;
			sourceTree = "<group>";
		};
		ACFE1B472B7E3330006CD597 /* UIKitMVPToDoApp */ = {
			isa = PBXGroup;
			children = (
				ACFE1B482B7E3330006CD597 /* AppDelegate.swift */,
				ACFE1B4A2B7E3330006CD597 /* SceneDelegate.swift */,
				ACFE1B4C2B7E3330006CD597 /* ViewController.swift */,
				ACFE1B4E2B7E3330006CD597 /* Main.storyboard */,
				ACFE1B512B7E3332006CD597 /* Assets.xcassets */,
				ACFE1B532B7E3332006CD597 /* LaunchScreen.storyboard */,
				ACFE1B562B7E3332006CD597 /* Info.plist */,
			);
			path = UIKitMVPToDoApp;
			sourceTree = "<group>";
		};
		ACFE1B5E2B7E3333006CD597 /* UIKitMVPToDoAppTests */ = {
			isa = PBXGroup;
			children = (
				ACFE1B5F2B7E3333006CD597 /* UIKitMVPToDoAppTests.swift */,
			);
			path = UIKitMVPToDoAppTests;
			sourceTree = "<group>";
		};
		ACFE1B682B7E3333006CD597 /* UIKitMVPToDoAppUITests */ = {
			isa = PBXGroup;
			children = (
				ACFE1B692B7E3333006CD597 /* UIKitMVPToDoAppUITests.swift */,
				ACFE1B6B2B7E3333006CD597 /* UIKitMVPToDoAppUITestsLaunchTests.swift */,
			);
			path = UIKitMVPToDoAppUITests;
			sourceTree = "<group>";
		};
/* End PBXGroup section */

/* Begin PBXNativeTarget section */
		ACFE1B442B7E3330006CD597 /* UIKitMVPToDoApp */ = {
			isa = PBXNativeTarget;
			buildConfigurationList = ACFE1B6F2B7E3333006CD597 /* Build configuration list for PBXNativeTarget "UIKitMVPToDoApp" */;
			buildPhases = (
				ACFE1B412B7E3330006CD597 /* Sources */,
				ACFE1B422B7E3330006CD597 /* Frameworks */,
				ACFE1B432B7E3330006CD597 /* Resources */,
			);
			buildRules = (
			);
			dependencies = (
			);
			name = UIKitMVPToDoApp;
			productName = UIKitMVPToDoApp;
			productReference = ACFE1B452B7E3330006CD597 /* UIKitMVPToDoApp.app */;
			productType = "com.apple.product-type.application";
		};
		ACFE1B5A2B7E3333006CD597 /* UIKitMVPToDoAppTests */ = {
			isa = PBXNativeTarget;
			buildConfigurationList = ACFE1B722B7E3333006CD597 /* Build configuration list for PBXNativeTarget "UIKitMVPToDoAppTests" */;
			buildPhases = (
				ACFE1B572B7E3333006CD597 /* Sources */,
				ACFE1B582B7E3333006CD597 /* Frameworks */,
				ACFE1B592B7E3333006CD597 /* Resources */,
			);
			buildRules = (
			);
			dependencies = (
				ACFE1B5D2B7E3333006CD597 /* PBXTargetDependency */,
			);
			name = UIKitMVPToDoAppTests;
			productName = UIKitMVPToDoAppTests;
			productReference = ACFE1B5B2B7E3333006CD597 /* UIKitMVPToDoAppTests.xctest */;
			productType = "com.apple.product-type.bundle.unit-test";
		};
		ACFE1B642B7E3333006CD597 /* UIKitMVPToDoAppUITests */ = {
			isa = PBXNativeTarget;
			buildConfigurationList = ACFE1B752B7E3333006CD597 /* Build configuration list for PBXNativeTarget "UIKitMVPToDoAppUITests" */;
			buildPhases = (
				ACFE1B612B7E3333006CD597 /* Sources */,
				ACFE1B622B7E3333006CD597 /* Frameworks */,
				ACFE1B632B7E3333006CD597 /* Resources */,
			);
			buildRules = (
			);
			dependencies = (
				ACFE1B672B7E3333006CD597 /* PBXTargetDependency */,
			);
			name = UIKitMVPToDoAppUITests;
			productName = UIKitMVPToDoAppUITests;
			productReference = ACFE1B652B7E3333006CD597 /* UIKitMVPToDoAppUITests.xctest */;
			productType = "com.apple.product-type.bundle.ui-testing";
		};
/* End PBXNativeTarget section */

/* Begin PBXProject section */
		ACFE1B3D2B7E3330006CD597 /* Project object */ = {
			isa = PBXProject;
			attributes = {
				BuildIndependentTargetsInParallel = 1;
				LastSwiftUpdateCheck = 1510;
				LastUpgradeCheck = 1510;
				TargetAttributes = {
					ACFE1B442B7E3330006CD597 = {
						CreatedOnToolsVersion = 15.1;
					};
					ACFE1B5A2B7E3333006CD597 = {
						CreatedOnToolsVersion = 15.1;
						TestTargetID = ACFE1B442B7E3330006CD597;
					};
					ACFE1B642B7E3333006CD597 = {
						CreatedOnToolsVersion = 15.1;
						TestTargetID = ACFE1B442B7E3330006CD597;
					};
				};
			};
			buildConfigurationList = ACFE1B402B7E3330006CD597 /* Build configuration list for PBXProject "UIKitMVPToDoApp" */;
			compatibilityVersion = "Xcode 14.0";
			developmentRegion = en;
			hasScannedForEncodings = 0;
			knownRegions = (
				en,
				Base,
			);
			mainGroup = ACFE1B3C2B7E3330006CD597;
			productRefGroup = ACFE1B462B7E3330006CD597 /* Products */;
			projectDirPath = "";
			projectRoot = "";
			targets = (
				ACFE1B442B7E3330006CD597 /* UIKitMVPToDoApp */,
				ACFE1B5A2B7E3333006CD597 /* UIKitMVPToDoAppTests */,
				ACFE1B642B7E3333006CD597 /* UIKitMVPToDoAppUITests */,
			);
		};
/* End PBXProject section */

/* Begin PBXResourcesBuildPhase section */
		ACFE1B432B7E3330006CD597 /* Resources */ = {
			isa = PBXResourcesBuildPhase;
			buildActionMask = 2147483647;
			files = (
				ACFE1B552B7E3332006CD597 /* LaunchScreen.storyboard in Resources */,
				ACFE1B522B7E3332006CD597 /* Assets.xcassets in Resources */,
				ACFE1B502B7E3330006CD597 /* Main.storyboard in Resources */,
			);
			runOnlyForDeploymentPostprocessing = 0;
		};
		ACFE1B592B7E3333006CD597 /* Resources */ = {
			isa = PBXResourcesBuildPhase;
			buildActionMask = 2147483647;
			files = (
			);
			runOnlyForDeploymentPostprocessing = 0;
		};
		ACFE1B632B7E3333006CD597 /* Resources */ = {
			isa = PBXResourcesBuildPhase;
			buildActionMask = 2147483647;
			files = (
			);
			runOnlyForDeploymentPostprocessing = 0;
		};
/* End PBXResourcesBuildPhase section */

/* Begin PBXSourcesBuildPhase section */
		ACFE1B412B7E3330006CD597 /* Sources */ = {
			isa = PBXSourcesBuildPhase;
			buildActionMask = 2147483647;
			files = (
				ACFE1B4D2B7E3330006CD597 /* ViewController.swift in Sources */,
				ACFE1B492B7E3330006CD597 /* AppDelegate.swift in Sources */,
				ACFE1B4B2B7E3330006CD597 /* SceneDelegate.swift in Sources */,
			);
			runOnlyForDeploymentPostprocessing = 0;
		};
		ACFE1B572B7E3333006CD597 /* Sources */ = {
			isa = PBXSourcesBuildPhase;
			buildActionMask = 2147483647;
			files = (
				ACFE1B602B7E3333006CD597 /* UIKitMVPToDoAppTests.swift in Sources */,
			);
			runOnlyForDeploymentPostprocessing = 0;
		};
		ACFE1B612B7E3333006CD597 /* Sources */ = {
			isa = PBXSourcesBuildPhase;
			buildActionMask = 2147483647;
			files = (
				ACFE1B6A2B7E3333006CD597 /* UIKitMVPToDoAppUITests.swift in Sources */,
				ACFE1B6C2B7E3333006CD597 /* UIKitMVPToDoAppUITestsLaunchTests.swift in Sources */,
			);
			runOnlyForDeploymentPostprocessing = 0;
		};
/* End PBXSourcesBuildPhase section */

/* Begin PBXTargetDependency section */
		ACFE1B5D2B7E3333006CD597 /* PBXTargetDependency */ = {
			isa = PBXTargetDependency;
			target = ACFE1B442B7E3330006CD597 /* UIKitMVPToDoApp */;
			targetProxy = ACFE1B5C2B7E3333006CD597 /* PBXContainerItemProxy */;
		};
		ACFE1B672B7E3333006CD597 /* PBXTargetDependency */ = {
			isa = PBXTargetDependency;
			target = ACFE1B442B7E3330006CD597 /* UIKitMVPToDoApp */;
			targetProxy = ACFE1B662B7E3333006CD597 /* PBXContainerItemProxy */;
		};
/* End PBXTargetDependency section */

/* Begin PBXVariantGroup section */
		ACFE1B4E2B7E3330006CD597 /* Main.storyboard */ = {
			isa = PBXVariantGroup;
			children = (
				ACFE1B4F2B7E3330006CD597 /* Base */,
			);
			name = Main.storyboard;
			sourceTree = "<group>";
		};
		ACFE1B532B7E3332006CD597 /* LaunchScreen.storyboard */ = {
			isa = PBXVariantGroup;
			children = (
				ACFE1B542B7E3332006CD597 /* Base */,
			);
			name = LaunchScreen.storyboard;
			sourceTree = "<group>";
		};
/* End PBXVariantGroup section */

/* Begin XCBuildConfiguration section */
		ACFE1B6D2B7E3333006CD597 /* Debug */ = {
			isa = XCBuildConfiguration;
			buildSettings = {
				ALWAYS_SEARCH_USER_PATHS = NO;
				ASSETCATALOG_COMPILER_GENERATE_SWIFT_ASSET_SYMBOL_EXTENSIONS = YES;
				CLANG_ANALYZER_NONNULL = YES;
				CLANG_ANALYZER_NUMBER_OBJECT_CONVERSION = YES_AGGRESSIVE;
				CLANG_CXX_LANGUAGE_STANDARD = "gnu++20";
				CLANG_ENABLE_MODULES = YES;
				CLANG_ENABLE_OBJC_ARC = YES;
				CLANG_ENABLE_OBJC_WEAK = YES;
				CLANG_WARN_BLOCK_CAPTURE_AUTORELEASING = YES;
				CLANG_WARN_BOOL_CONVERSION = YES;
				CLANG_WARN_COMMA = YES;
				CLANG_WARN_CONSTANT_CONVERSION = YES;
				CLANG_WARN_DEPRECATED_OBJC_IMPLEMENTATIONS = YES;
				CLANG_WARN_DIRECT_OBJC_ISA_USAGE = YES_ERROR;
				CLANG_WARN_DOCUMENTATION_COMMENTS = YES;
				CLANG_WARN_EMPTY_BODY = YES;
				CLANG_WARN_ENUM_CONVERSION = YES;
				CLANG_WARN_INFINITE_RECURSION = YES;
				CLANG_WARN_INT_CONVERSION = YES;
				CLANG_WARN_NON_LITERAL_NULL_CONVERSION = YES;
				CLANG_WARN_OBJC_IMPLICIT_RETAIN_SELF = YES;
				CLANG_WARN_OBJC_LITERAL_CONVERSION = YES;
				CLANG_WARN_OBJC_ROOT_CLASS = YES_ERROR;
				CLANG_WARN_QUOTED_INCLUDE_IN_FRAMEWORK_HEADER = YES;
				CLANG_WARN_RANGE_LOOP_ANALYSIS = YES;
				CLANG_WARN_STRICT_PROTOTYPES = YES;
				CLANG_WARN_SUSPICIOUS_MOVE = YES;
				CLANG_WARN_UNGUARDED_AVAILABILITY = YES_AGGRESSIVE;
				CLANG_WARN_UNREACHABLE_CODE = YES;
				CLANG_WARN__DUPLICATE_METHOD_MATCH = YES;
				COPY_PHASE_STRIP = NO;
				DEBUG_INFORMATION_FORMAT = dwarf;
				ENABLE_STRICT_OBJC_MSGSEND = YES;
				ENABLE_TESTABILITY = YES;
				ENABLE_USER_SCRIPT_SANDBOXING = YES;
				GCC_C_LANGUAGE_STANDARD = gnu17;
				GCC_DYNAMIC_NO_PIC = NO;
				GCC_NO_COMMON_BLOCKS = YES;
				GCC_OPTIMIZATION_LEVEL = 0;
				GCC_PREPROCESSOR_DEFINITIONS = (
					"DEBUG=1",
					"$(inherited)",
				);
				GCC_WARN_64_TO_32_BIT_CONVERSION = YES;
				GCC_WARN_ABOUT_RETURN_TYPE = YES_ERROR;
				GCC_WARN_UNDECLARED_SELECTOR = YES;
				GCC_WARN_UNINITIALIZED_AUTOS = YES_AGGRESSIVE;
				GCC_WARN_UNUSED_FUNCTION = YES;
				GCC_WARN_UNUSED_VARIABLE = YES;
				IPHONEOS_DEPLOYMENT_TARGET = 17.0;
				LOCALIZATION_PREFERS_STRING_CATALOGS = YES;
				MTL_ENABLE_DEBUG_INFO = INCLUDE_SOURCE;
				MTL_FAST_MATH = YES;
				ONLY_ACTIVE_ARCH = YES;
				SDKROOT = iphoneos;
				SWIFT_ACTIVE_COMPILATION_CONDITIONS = "DEBUG $(inherited)";
				SWIFT_OPTIMIZATION_LEVEL = "-Onone";
			};
			name = Debug;
		};
		ACFE1B6E2B7E3333006CD597 /* Release */ = {
			isa = XCBuildConfiguration;
			buildSettings = {
				ALWAYS_SEARCH_USER_PATHS = NO;
				ASSETCATALOG_COMPILER_GENERATE_SWIFT_ASSET_SYMBOL_EXTENSIONS = YES;
				CLANG_ANALYZER_NONNULL = YES;
				CLANG_ANALYZER_NUMBER_OBJECT_CONVERSION = YES_AGGRESSIVE;
				CLANG_CXX_LANGUAGE_STANDARD = "gnu++20";
				CLANG_ENABLE_MODULES = YES;
				CLANG_ENABLE_OBJC_ARC = YES;
				CLANG_ENABLE_OBJC_WEAK = YES;
				CLANG_WARN_BLOCK_CAPTURE_AUTORELEASING = YES;
				CLANG_WARN_BOOL_CONVERSION = YES;
				CLANG_WARN_COMMA = YES;
				CLANG_WARN_CONSTANT_CONVERSION = YES;
				CLANG_WARN_DEPRECATED_OBJC_IMPLEMENTATIONS = YES;
				CLANG_WARN_DIRECT_OBJC_ISA_USAGE = YES_ERROR;
				CLANG_WARN_DOCUMENTATION_COMMENTS = YES;
				CLANG_WARN_EMPTY_BODY = YES;
				CLANG_WARN_ENUM_CONVERSION = YES;
				CLANG_WARN_INFINITE_RECURSION = YES;
				CLANG_WARN_INT_CONVERSION = YES;
				CLANG_WARN_NON_LITERAL_NULL_CONVERSION = YES;
				CLANG_WARN_OBJC_IMPLICIT_RETAIN_SELF = YES;
				CLANG_WARN_OBJC_LITERAL_CONVERSION = YES;
				CLANG_WARN_OBJC_ROOT_CLASS = YES_ERROR;
				CLANG_WARN_QUOTED_INCLUDE_IN_FRAMEWORK_HEADER = YES;
				CLANG_WARN_RANGE_LOOP_ANALYSIS = YES;
				CLANG_WARN_STRICT_PROTOTYPES = YES;
				CLANG_WARN_SUSPICIOUS_MOVE = YES;
				CLANG_WARN_UNGUARDED_AVAILABILITY = YES_AGGRESSIVE;
				CLANG_WARN_UNREACHABLE_CODE = YES;
				CLANG_WARN__DUPLICATE_METHOD_MATCH = YES;
				COPY_PHASE_STRIP = NO;
				DEBUG_INFORMATION_FORMAT = "dwarf-with-dsym";
				ENABLE_NS_ASSERTIONS = NO;
				ENABLE_STRICT_OBJC_MSGSEND = YES;
				ENABLE_USER_SCRIPT_SANDBOXING = YES;
				GCC_C_LANGUAGE_STANDARD = gnu17;
				GCC_NO_COMMON_BLOCKS = YES;
				GCC_WARN_64_TO_32_BIT_CONVERSION = YES;
				GCC_WARN_ABOUT_RETURN_TYPE = YES_ERROR;
				GCC_WARN_UNDECLARED_SELECTOR = YES;
				GCC_WARN_UNINITIALIZED_AUTOS = YES_AGGRESSIVE;
				GCC_WARN_UNUSED_FUNCTION = YES;
				GCC_WARN_UNUSED_VARIABLE = YES;
				IPHONEOS_DEPLOYMENT_TARGET = 17.0;
				LOCALIZATION_PREFERS_STRING_CATALOGS = YES;
				MTL_ENABLE_DEBUG_INFO = NO;
				MTL_FAST_MATH = YES;
				SDKROOT = iphoneos;
				SWIFT_COMPILATION_MODE = wholemodule;
				VALIDATE_PRODUCT = YES;
			};
			name = Release;
		};
		ACFE1B702B7E3333006CD597 /* Debug */ = {
			isa = XCBuildConfiguration;
			buildSettings = {
				ASSETCATALOG_COMPILER_APPICON_NAME = AppIcon;
				ASSETCATALOG_COMPILER_GLOBAL_ACCENT_COLOR_NAME = AccentColor;
				CODE_SIGN_STYLE = Automatic;
				CURRENT_PROJECT_VERSION = 1;
				DEVELOPMENT_TEAM = 3WL53CAG23;
				GENERATE_INFOPLIST_FILE = YES;
				INFOPLIST_FILE = UIKitMVPToDoApp/Info.plist;
				INFOPLIST_KEY_UIApplicationSupportsIndirectInputEvents = YES;
				INFOPLIST_KEY_UILaunchStoryboardName = LaunchScreen;
				INFOPLIST_KEY_UIMainStoryboardFile = Main;
				INFOPLIST_KEY_UISupportedInterfaceOrientations_iPad = "UIInterfaceOrientationPortrait UIInterfaceOrientationPortraitUpsideDown UIInterfaceOrientationLandscapeLeft UIInterfaceOrientationLandscapeRight";
				INFOPLIST_KEY_UISupportedInterfaceOrientations_iPhone = "UIInterfaceOrientationPortrait UIInterfaceOrientationLandscapeLeft UIInterfaceOrientationLandscapeRight";
				LD_RUNPATH_SEARCH_PATHS = (
					"$(inherited)",
					"@executable_path/Frameworks",
				);
				MARKETING_VERSION = 1.0;
				PRODUCT_BUNDLE_IDENTIFIER = Nat.UIKitMVPToDoApp;
				PRODUCT_NAME = "$(TARGET_NAME)";
				SWIFT_EMIT_LOC_STRINGS = YES;
				SWIFT_VERSION = 5.0;
				TARGETED_DEVICE_FAMILY = "1,2";
			};
			name = Debug;
		};
		ACFE1B712B7E3333006CD597 /* Release */ = {
			isa = XCBuildConfiguration;
			buildSettings = {
				ASSETCATALOG_COMPILER_APPICON_NAME = AppIcon;
				ASSETCATALOG_COMPILER_GLOBAL_ACCENT_COLOR_NAME = AccentColor;
				CODE_SIGN_STYLE = Automatic;
				CURRENT_PROJECT_VERSION = 1;
				DEVELOPMENT_TEAM = 3WL53CAG23;
				GENERATE_INFOPLIST_FILE = YES;
				INFOPLIST_FILE = UIKitMVPToDoApp/Info.plist;
				INFOPLIST_KEY_UIApplicationSupportsIndirectInputEvents = YES;
				INFOPLIST_KEY_UILaunchStoryboardName = LaunchScreen;
				INFOPLIST_KEY_UIMainStoryboardFile = Main;
				INFOPLIST_KEY_UISupportedInterfaceOrientations_iPad = "UIInterfaceOrientationPortrait UIInterfaceOrientationPortraitUpsideDown UIInterfaceOrientationLandscapeLeft UIInterfaceOrientationLandscapeRight";
				INFOPLIST_KEY_UISupportedInterfaceOrientations_iPhone = "UIInterfaceOrientationPortrait UIInterfaceOrientationLandscapeLeft UIInterfaceOrientationLandscapeRight";
				LD_RUNPATH_SEARCH_PATHS = (
					"$(inherited)",
					"@executable_path/Frameworks",
				);
				MARKETING_VERSION = 1.0;
				PRODUCT_BUNDLE_IDENTIFIER = Nat.UIKitMVPToDoApp;
				PRODUCT_NAME = "$(TARGET_NAME)";
				SWIFT_EMIT_LOC_STRINGS = YES;
				SWIFT_VERSION = 5.0;
				TARGETED_DEVICE_FAMILY = "1,2";
			};
			name = Release;
		};
		ACFE1B732B7E3333006CD597 /* Debug */ = {
			isa = XCBuildConfiguration;
			buildSettings = {
				ALWAYS_EMBED_SWIFT_STANDARD_LIBRARIES = YES;
				BUNDLE_LOADER = "$(TEST_HOST)";
				CODE_SIGN_STYLE = Automatic;
				CURRENT_PROJECT_VERSION = 1;
				DEVELOPMENT_TEAM = 3WL53CAG23;
				GENERATE_INFOPLIST_FILE = YES;
				IPHONEOS_DEPLOYMENT_TARGET = 17.0;
				MARKETING_VERSION = 1.0;
				PRODUCT_BUNDLE_IDENTIFIER = Nat.UIKitMVPToDoAppTests;
				PRODUCT_NAME = "$(TARGET_NAME)";
				SWIFT_EMIT_LOC_STRINGS = NO;
				SWIFT_VERSION = 5.0;
				TARGETED_DEVICE_FAMILY = "1,2";
				TEST_HOST = "$(BUILT_PRODUCTS_DIR)/UIKitMVPToDoApp.app/$(BUNDLE_EXECUTABLE_FOLDER_PATH)/UIKitMVPToDoApp";
			};
			name = Debug;
		};
		ACFE1B742B7E3333006CD597 /* Release */ = {
			isa = XCBuildConfiguration;
			buildSettings = {
				ALWAYS_EMBED_SWIFT_STANDARD_LIBRARIES = YES;
				BUNDLE_LOADER = "$(TEST_HOST)";
				CODE_SIGN_STYLE = Automatic;
				CURRENT_PROJECT_VERSION = 1;
				DEVELOPMENT_TEAM = 3WL53CAG23;
				GENERATE_INFOPLIST_FILE = YES;
				IPHONEOS_DEPLOYMENT_TARGET = 17.0;
				MARKETING_VERSION = 1.0;
				PRODUCT_BUNDLE_IDENTIFIER = Nat.UIKitMVPToDoAppTests;
				PRODUCT_NAME = "$(TARGET_NAME)";
				SWIFT_EMIT_LOC_STRINGS = NO;
				SWIFT_VERSION = 5.0;
				TARGETED_DEVICE_FAMILY = "1,2";
				TEST_HOST = "$(BUILT_PRODUCTS_DIR)/UIKitMVPToDoApp.app/$(BUNDLE_EXECUTABLE_FOLDER_PATH)/UIKitMVPToDoApp";
			};
			name = Release;
		};
		ACFE1B762B7E3333006CD597 /* Debug */ = {
			isa = XCBuildConfiguration;
			buildSettings = {
				ALWAYS_EMBED_SWIFT_STANDARD_LIBRARIES = YES;
				CODE_SIGN_STYLE = Automatic;
				CURRENT_PROJECT_VERSION = 1;
				DEVELOPMENT_TEAM = 3WL53CAG23;
				GENERATE_INFOPLIST_FILE = YES;
				MARKETING_VERSION = 1.0;
				PRODUCT_BUNDLE_IDENTIFIER = Nat.UIKitMVPToDoAppUITests;
				PRODUCT_NAME = "$(TARGET_NAME)";
				SWIFT_EMIT_LOC_STRINGS = NO;
				SWIFT_VERSION = 5.0;
				TARGETED_DEVICE_FAMILY = "1,2";
				TEST_TARGET_NAME = UIKitMVPToDoApp;
			};
			name = Debug;
		};
		ACFE1B772B7E3333006CD597 /* Release */ = {
			isa = XCBuildConfiguration;
			buildSettings = {
				ALWAYS_EMBED_SWIFT_STANDARD_LIBRARIES = YES;
				CODE_SIGN_STYLE = Automatic;
				CURRENT_PROJECT_VERSION = 1;
				DEVELOPMENT_TEAM = 3WL53CAG23;
				GENERATE_INFOPLIST_FILE = YES;
				MARKETING_VERSION = 1.0;
				PRODUCT_BUNDLE_IDENTIFIER = Nat.UIKitMVPToDoAppUITests;
				PRODUCT_NAME = "$(TARGET_NAME)";
				SWIFT_EMIT_LOC_STRINGS = NO;
				SWIFT_VERSION = 5.0;
				TARGETED_DEVICE_FAMILY = "1,2";
				TEST_TARGET_NAME = UIKitMVPToDoApp;
			};
			name = Release;
		};
/* End XCBuildConfiguration section */

/* Begin XCConfigurationList section */
		ACFE1B402B7E3330006CD597 /* Build configuration list for PBXProject "UIKitMVPToDoApp" */ = {
			isa = XCConfigurationList;
			buildConfigurations = (
				ACFE1B6D2B7E3333006CD597 /* Debug */,
				ACFE1B6E2B7E3333006CD597 /* Release */,
			);
			defaultConfigurationIsVisible = 0;
			defaultConfigurationName = Release;
		};
		ACFE1B6F2B7E3333006CD597 /* Build configuration list for PBXNativeTarget "UIKitMVPToDoApp" */ = {
			isa = XCConfigurationList;
			buildConfigurations = (
				ACFE1B702B7E3333006CD597 /* Debug */,
				ACFE1B712B7E3333006CD597 /* Release */,
			);
			defaultConfigurationIsVisible = 0;
			defaultConfigurationName = Release;
		};
		ACFE1B722B7E3333006CD597 /* Build configuration list for PBXNativeTarget "UIKitMVPToDoAppTests" */ = {
			isa = XCConfigurationList;
			buildConfigurations = (
				ACFE1B732B7E3333006CD597 /* Debug */,
				ACFE1B742B7E3333006CD597 /* Release */,
			);
			defaultConfigurationIsVisible = 0;
			defaultConfigurationName = Release;
		};
		ACFE1B752B7E3333006CD597 /* Build configuration list for PBXNativeTarget "UIKitMVPToDoAppUITests" */ = {
			isa = XCConfigurationList;
			buildConfigurations = (
				ACFE1B762B7E3333006CD597 /* Debug */,
				ACFE1B772B7E3333006CD597 /* Release */,
			);
			defaultConfigurationIsVisible = 0;
			defaultConfigurationName = Release;
		};
/* End XCConfigurationList section */
	};
	rootObject = ACFE1B3D2B7E3330006CD597 /* Project object */;
}
